// !$*UTF8*$!
{
	archiveVersion = 1;
	classes = {
	};
	objectVersion = 77;
	objects = {

/* Begin PBXBuildFile section */
		02FEE6A6792EF9CEB05609FF /* CollageGeometry.swift in Sources */ = {isa = PBXBuildFile; fileRef = ADDAEF16332BD6FA5E410B65 /* CollageGeometry.swift */; };
		060913C14E2EA2F69E2A8B4A /* SpellCheckingTextEditor.swift in Sources */ = {isa = PBXBuildFile; fileRef = C98221E4EC10D5D7C582399F /* SpellCheckingTextEditor.swift */; };
		06630E56AF30C91B88CBE538 /* AnalyticsStore.swift in Sources */ = {isa = PBXBuildFile; fileRef = A362A1A4A339D47CDDA16372 /* AnalyticsStore.swift */; };
		086373116DF126243D4CCBF6 /* PostingPresetTests.swift in Sources */ = {isa = PBXBuildFile; fileRef = 17CA661F528639B67099B6E0 /* PostingPresetTests.swift */; };
		0F511905DB8007F0873761E3 /* HandleBook.swift in Sources */ = {isa = PBXBuildFile; fileRef = 2178E7D3FF9E716B3FE384DA /* HandleBook.swift */; };
		10880FB2F0351FF08FF4E9C5 /* FridayPipelineProgress.swift in Sources */ = {isa = PBXBuildFile; fileRef = 58A020A0EF0A91C083D3E01D /* FridayPipelineProgress.swift */; };
		10B54FC7A897A476FC90FC03 /* DataMigration.swift in Sources */ = {isa = PBXBuildFile; fileRef = 992815881B3D0ADB1B48FFB4 /* DataMigration.swift */; };
		10E06AFB53474D2B1B2EA477 /* OrphanedMediaCleanup.swift in Sources */ = {isa = PBXBuildFile; fileRef = A633BF0DA8C2886AB1351758 /* OrphanedMediaCleanup.swift */; };
		17466D295D8F05B54DE1E25D /* PostRollUITests.swift in Sources */ = {isa = PBXBuildFile; fileRef = 1BEF272B5F90344755388061 /* PostRollUITests.swift */; };
		18B95D502E4D7DF414D86D71 /* PreviewMergePolicy.swift in Sources */ = {isa = PBXBuildFile; fileRef = FA165A0BD9026AD99EB583C0 /* PreviewMergePolicy.swift */; };
		19DB11C64CD692CE9131577D /* InsightsOverviewView.swift in Sources */ = {isa = PBXBuildFile; fileRef = F7DDBE7D2AD5AD12EBDDDEFA /* InsightsOverviewView.swift */; };
		1CEAADC9C3ADDBCE0C49CF98 /* CollageRenderer.swift in Sources */ = {isa = PBXBuildFile; fileRef = CA6216D3AE9426D00E05CC60 /* CollageRenderer.swift */; };
		1D74A150E4C6C172E66A7FFC /* SettingsView.swift in Sources */ = {isa = PBXBuildFile; fileRef = 6B123A7C2CBCBA4D6DF63E12 /* SettingsView.swift */; };
		1DCAB3F9F9EBE4A2B29C2468 /* EventListView.swift in Sources */ = {isa = PBXBuildFile; fileRef = FFB5AA22E06BCDCFE77EBF90 /* EventListView.swift */; };
		204B8C3CE504D46191ECD811 /* PostRollApp.swift in Sources */ = {isa = PBXBuildFile; fileRef = 939A60F113D20E66722DA5B9 /* PostRollApp.swift */; };
		20923D46F6E2DA5E4934264F /* StagePillDisplayTests.swift in Sources */ = {isa = PBXBuildFile; fileRef = CAABA87AA3A783C3D69A415E /* StagePillDisplayTests.swift */; };
		22E11FE63F752C377C620E26 /* CollageCandidate.swift in Sources */ = {isa = PBXBuildFile; fileRef = 88E0E0D7A8E5639D8A201397 /* CollageCandidate.swift */; };
		23DFF11B2ECAACC9F623962B /* ArchiveCleanup.swift in Sources */ = {isa = PBXBuildFile; fileRef = DB9E4B9B7EC3C8B0195232E0 /* ArchiveCleanup.swift */; };
		243467550BDE31D527AECC18 /* LegacyDataReclaim.swift in Sources */ = {isa = PBXBuildFile; fileRef = F3D8E207CB219F815A1757C1 /* LegacyDataReclaim.swift */; };
		25435A36346BCB8B3B64DA7B /* FridayPipelineProgress.swift in Sources */ = {isa = PBXBuildFile; fileRef = 58A020A0EF0A91C083D3E01D /* FridayPipelineProgress.swift */; };
		25BC97C46BEE22366E7A6D6E /* MediaReclaim.swift in Sources */ = {isa = PBXBuildFile; fileRef = 24AECB505A695D36F23862F9 /* MediaReclaim.swift */; };
		285963C14B26C7135C26C607 /* CollageCandidateCacheTests.swift in Sources */ = {isa = PBXBuildFile; fileRef = 9DF83F68E9190E503673E0D0 /* CollageCandidateCacheTests.swift */; };
		2859D555A9530152273AEFA8 /* PreviewGenerationClipPlanDecodeTests.swift in Sources */ = {isa = PBXBuildFile; fileRef = 8A26923494812F2E3647D2CE /* PreviewGenerationClipPlanDecodeTests.swift */; };
		2999ECA1AB10D5C446D03194 /* ProgramUploadView.swift in Sources */ = {isa = PBXBuildFile; fileRef = A0446FB348B393437FB313CD /* ProgramUploadView.swift */; };
		2CC0FA3CDD20BA0C9791AC8F /* OrphanedMediaCleanupTests.swift in Sources */ = {isa = PBXBuildFile; fileRef = 783FE456108A35CC016ECDEE /* OrphanedMediaCleanupTests.swift */; };
		2E9A2DAA5B1BB7D036099D9B /* CollageRendererTests.swift in Sources */ = {isa = PBXBuildFile; fileRef = 716DB949EC522F26C5BC2412 /* CollageRendererTests.swift */; };
		2F5402723F35301E1A46AB66 /* MediaPresenceTests.swift in Sources */ = {isa = PBXBuildFile; fileRef = 08425C03BB53CA6388F5DB0A /* MediaPresenceTests.swift */; };
		321111B96E14606FD062F804 /* OCRManager.swift in Sources */ = {isa = PBXBuildFile; fileRef = C8A4A3E9D72712D4166FFCE7 /* OCRManager.swift */; };
		32388054577B5C231271A428 /* DayStateMerger.swift in Sources */ = {isa = PBXBuildFile; fileRef = CAE5B174E1C9527180BFF2E2 /* DayStateMerger.swift */; };
		396AFBBE7E4EC1216E705A86 /* ProgramPDFBuilder.swift in Sources */ = {isa = PBXBuildFile; fileRef = 8E40B3AE76401EAAFF392BCB /* ProgramPDFBuilder.swift */; };
		41196E2FF2C78497F0F85635 /* TimingStore.swift in Sources */ = {isa = PBXBuildFile; fileRef = CA4543CAE4F0C925D272A017 /* TimingStore.swift */; };
		44C042E69BF5091C60C9FEF4 /* ModelDecodeToleranceTests.swift in Sources */ = {isa = PBXBuildFile; fileRef = 8E6D2DEC7EBC2F626F316004 /* ModelDecodeToleranceTests.swift */; };
		455F3A49506D72ADA05D8DEB /* PreviewMergePolicyTests.swift in Sources */ = {isa = PBXBuildFile; fileRef = A86186352444AE55261F590E /* PreviewMergePolicyTests.swift */; };
		470ABEB07BD213026F531A04 /* ArchiveCleanupTests.swift in Sources */ = {isa = PBXBuildFile; fileRef = AB2A64A47B5C709FD62EFC35 /* ArchiveCleanupTests.swift */; };
		4748433821759810C8623629 /* ProgramPDFBuilder.swift in Sources */ = {isa = PBXBuildFile; fileRef = 8E40B3AE76401EAAFF392BCB /* ProgramPDFBuilder.swift */; };
		4755B56130D6517A9C70B681 /* FridayPipelineProgressTests.swift in Sources */ = {isa = PBXBuildFile; fileRef = CF1197B2D65B55BE29BAF408 /* FridayPipelineProgressTests.swift */; };
		48A4E837A7EB2B8500EB4C2D /* ArchiveCleanup.swift in Sources */ = {isa = PBXBuildFile; fileRef = DB9E4B9B7EC3C8B0195232E0 /* ArchiveCleanup.swift */; };
		4B625D03417CBEF7C7B17BF7 /* DayStateMergerTests.swift in Sources */ = {isa = PBXBuildFile; fileRef = D3CBB9FE0732F7C89DCD4B8D /* DayStateMergerTests.swift */; };
		4B62ED97467BB7097539610D /* OCRResult.swift in Sources */ = {isa = PBXBuildFile; fileRef = D92CD520B46A8592B9C5493C /* OCRResult.swift */; };
		4D7791D4CCDCBEC92CA8458D /* CollageGeometryTests.swift in Sources */ = {isa = PBXBuildFile; fileRef = 584DFA6398241E1B1181F5B4 /* CollageGeometryTests.swift */; };
		4E800BF325AA929687599262 /* CaptionReviewView.swift in Sources */ = {isa = PBXBuildFile; fileRef = FC095CA3EC9408DC5D2486B2 /* CaptionReviewView.swift */; };
		4FA7D267E5A7AD62F627E54E /* FridayReviewDisplayTests.swift in Sources */ = {isa = PBXBuildFile; fileRef = 30ACB2B5694C77A74D9AB6CF /* FridayReviewDisplayTests.swift */; };
		4FA8AED832F83F053D19215C /* PostingPresetStore.swift in Sources */ = {isa = PBXBuildFile; fileRef = B3D01AD78F4EA1A52E642B5A /* PostingPresetStore.swift */; };
		4FF35D50379E6CEE2DE55BB6 /* EventJobTrackerTests.swift in Sources */ = {isa = PBXBuildFile; fileRef = ABCF75AA5A7C1685C2EF0045 /* EventJobTrackerTests.swift */; };
		52B8467686E7BEB15CF2D6E4 /* HashtagStore.swift in Sources */ = {isa = PBXBuildFile; fileRef = 078889A206CA41E4BA788383 /* HashtagStore.swift */; };
		538D7F80CA3AA261C8856000 /* GeneratedOutput.swift in Sources */ = {isa = PBXBuildFile; fileRef = 116086AEAC5CE358E5A0272D /* GeneratedOutput.swift */; };
		5561782EAA268E6144AEC454 /* EventFridayClipPlanWritebackTests.swift in Sources */ = {isa = PBXBuildFile; fileRef = 76D12DE3DE33EAF68DD7B671 /* EventFridayClipPlanWritebackTests.swift */; };
		55E8526D240F703175B03FDB /* EventStore.swift in Sources */ = {isa = PBXBuildFile; fileRef = 8089518478AA10F4DC5A9A83 /* EventStore.swift */; };
		58CFFF062922CB5CFD0A07AE /* DataMigration.swift in Sources */ = {isa = PBXBuildFile; fileRef = 992815881B3D0ADB1B48FFB4 /* DataMigration.swift */; };
		593B1831EF6B710AE575BB33 /* ExportManager.swift in Sources */ = {isa = PBXBuildFile; fileRef = D5F8E13FD8CD89C280ED6930 /* ExportManager.swift */; };
		59C5D0F9DF6800481172E706 /* LegacyDataReclaim.swift in Sources */ = {isa = PBXBuildFile; fileRef = F3D8E207CB219F815A1757C1 /* LegacyDataReclaim.swift */; };
		5AA2695527FDC9FE9D69F842 /* FridayReviewDisplay.swift in Sources */ = {isa = PBXBuildFile; fileRef = EA6AA2AE88362A839C17311F /* FridayReviewDisplay.swift */; };
		616D66684D8DEC793B55C7F0 /* TestTargetHygieneTests.swift in Sources */ = {isa = PBXBuildFile; fileRef = BA8FCB22FC37C59AF0CF4F0F /* TestTargetHygieneTests.swift */; };
		6AFE134A61C3F9790D3A0349 /* CollageGeometry.swift in Sources */ = {isa = PBXBuildFile; fileRef = ADDAEF16332BD6FA5E410B65 /* CollageGeometry.swift */; };
		6B1AE726F19C587CEE5F3996 /* EventStoreTests.swift in Sources */ = {isa = PBXBuildFile; fileRef = 30734A52AAEC8C7D2F66AA83 /* EventStoreTests.swift */; };
		6C71EC9FE6B95569EFB60D36 /* AppPaths.swift in Sources */ = {isa = PBXBuildFile; fileRef = BF84F91C6AB5E2AF9EBA988E /* AppPaths.swift */; };
		6C892FFB357FD70E6FCFF4B4 /* AssetGenerationDisplayTests.swift in Sources */ = {isa = PBXBuildFile; fileRef = E4BEB62FA9022665E1A22746 /* AssetGenerationDisplayTests.swift */; };
		6D26777A36FA83CB4F44CCCA /* DataMigrationTests.swift in Sources */ = {isa = PBXBuildFile; fileRef = B63250E69964610C3E6239F4 /* DataMigrationTests.swift */; };
		6D378574F5F62A6185510EDB /* GeneratedOutput.swift in Sources */ = {isa = PBXBuildFile; fileRef = 116086AEAC5CE358E5A0272D /* GeneratedOutput.swift */; };
		6EF084A867840BE690E26F19 /* EventExporterTests.swift in Sources */ = {isa = PBXBuildFile; fileRef = CC3E912717BD14F25AD7B4F3 /* EventExporterTests.swift */; };
		7194D8F3C4AEB945BC2FC3C2 /* SpeculativeReelRenderer.swift in Sources */ = {isa = PBXBuildFile; fileRef = 3F4E5793E295B675C8F8B89F /* SpeculativeReelRenderer.swift */; };
		7372D12CD4EFB0EF9F780472 /* PerformerDesignationTests.swift in Sources */ = {isa = PBXBuildFile; fileRef = 4FAEB59D847096DA9B4BE148 /* PerformerDesignationTests.swift */; };
		784592B291E62A1B0547187C /* NewEventSheet.swift in Sources */ = {isa = PBXBuildFile; fileRef = 871FEB947457130340BB8140 /* NewEventSheet.swift */; };
		78F026F5BDA5FA2D84127C8F /* EventJobTracker.swift in Sources */ = {isa = PBXBuildFile; fileRef = 7B9BB61B6F46DB4923B3A2C6 /* EventJobTracker.swift */; };
		7A887F4C860FCA10F1F9988A /* DesignTokens.swift in Sources */ = {isa = PBXBuildFile; fileRef = 6750316591A729CE9F71D7EA /* DesignTokens.swift */; };
		7CE28048247ABBF65F7BE126 /* DayStateMerger.swift in Sources */ = {isa = PBXBuildFile; fileRef = CAE5B174E1C9527180BFF2E2 /* DayStateMerger.swift */; };
		7DDABDA70CEF29B32A429D7D /* EventExporter.swift in Sources */ = {isa = PBXBuildFile; fileRef = 54CCFB41C29B650FC93DCF01 /* EventExporter.swift */; };
		7FDD5EADF254776472ADEE9A /* Event.swift in Sources */ = {isa = PBXBuildFile; fileRef = 6BD025AADE68A58F67848071 /* Event.swift */; };
		81304E8C7DFDDF966E63E46D /* CollageCandidateCache.swift in Sources */ = {isa = PBXBuildFile; fileRef = 0E97F6D547BC8A7723659213 /* CollageCandidateCache.swift */; };
		82C249F3E5DCFA8E1D257EFD /* AppState.swift in Sources */ = {isa = PBXBuildFile; fileRef = FD0514CA7990CF2688E9E5ED /* AppState.swift */; };
		83F2E7C284CED5AB5E9D3853 /* EventExporter.swift in Sources */ = {isa = PBXBuildFile; fileRef = 54CCFB41C29B650FC93DCF01 /* EventExporter.swift */; };
		87E96E1B0CB1551BEEB1D7F3 /* FridayReviewDisplay.swift in Sources */ = {isa = PBXBuildFile; fileRef = EA6AA2AE88362A839C17311F /* FridayReviewDisplay.swift */; };
		8D17298696BE09B12734010B /* FridayOverrideManifestTests.swift in Sources */ = {isa = PBXBuildFile; fileRef = 8E036A5DB21C743488F9ACEF /* FridayOverrideManifestTests.swift */; };
		8FB71D5F5EB364204769B5A3 /* PythonBridgeError.swift in Sources */ = {isa = PBXBuildFile; fileRef = AC9AD46BBA95562536DCC2DD /* PythonBridgeError.swift */; };
		905F9249C97D77E98E224190 /* PythonBridge.swift in Sources */ = {isa = PBXBuildFile; fileRef = 6E176B25F0D09B134F669698 /* PythonBridge.swift */; };
		969E9EC496F1A23AB7D5B335 /* InsightsPostsView.swift in Sources */ = {isa = PBXBuildFile; fileRef = 6F05063CB9D037B1C17C3543 /* InsightsPostsView.swift */; };
		96C960D3A4E030937E9B5DDE /* MainWindowView.swift in Sources */ = {isa = PBXBuildFile; fileRef = A8709408F930801E3507C477 /* MainWindowView.swift */; };
		987B16B87DC390DDDC5B01C8 /* CollageRenderer.swift in Sources */ = {isa = PBXBuildFile; fileRef = CA6216D3AE9426D00E05CC60 /* CollageRenderer.swift */; };
		9999F69184557C54644F4D9B /* InsightsDetailView.swift in Sources */ = {isa = PBXBuildFile; fileRef = CE82B7DB7FECF4341E6A2067 /* InsightsDetailView.swift */; };
		9DFBA9DB326309749128F012 /* PhotoTagsCodableTests.swift in Sources */ = {isa = PBXBuildFile; fileRef = 677D6FC4AA7CD6673840AC38 /* PhotoTagsCodableTests.swift */; };
		A2A42C7E8ADB3D27CA453B67 /* EventJobTracker.swift in Sources */ = {isa = PBXBuildFile; fileRef = 7B9BB61B6F46DB4923B3A2C6 /* EventJobTracker.swift */; };
		A533DB7802C511D9476FD663 /* LegacyDataReclaimTests.swift in Sources */ = {isa = PBXBuildFile; fileRef = 8D26540356A73F27B16AB755 /* LegacyDataReclaimTests.swift */; };
		A5F369CC1176C0F5A2DB07F2 /* Assets.xcassets in Resources */ = {isa = PBXBuildFile; fileRef = DEEDE6F9DD9D9B527BB6E897 /* Assets.xcassets */; };
		A61219C3896E1C209312702B /* InsightsSidebarView.swift in Sources */ = {isa = PBXBuildFile; fileRef = D34E3461A0DA761D23DA2DB7 /* InsightsSidebarView.swift */; };
		AC7496880091F52AD09CFC7D /* CollageCandidateCache.swift in Sources */ = {isa = PBXBuildFile; fileRef = 0E97F6D547BC8A7723659213 /* CollageCandidateCache.swift */; };
		AD0C9A21084CA5CFE7FD5DE1 /* MediaPresence.swift in Sources */ = {isa = PBXBuildFile; fileRef = B4DE081A534A262028467FCA /* MediaPresence.swift */; };
		AD15D5129F5433D699E06489 /* GenerationManager.swift in Sources */ = {isa = PBXBuildFile; fileRef = CFCA31C1D56515C207BE3BB6 /* GenerationManager.swift */; };
		AF94D7AC43C0F75E721D856C /* PreviewMergePolicy.swift in Sources */ = {isa = PBXBuildFile; fileRef = FA165A0BD9026AD99EB583C0 /* PreviewMergePolicy.swift */; };
		B783EF5D78057292F3696C31 /* MediaReclaim.swift in Sources */ = {isa = PBXBuildFile; fileRef = 24AECB505A695D36F23862F9 /* MediaReclaim.swift */; };
		BB144752575DF3A9048399CF /* TimingStore.swift in Sources */ = {isa = PBXBuildFile; fileRef = CA4543CAE4F0C925D272A017 /* TimingStore.swift */; };
		BF0F254EEE3D9C64ADD26EFF /* EventDetailView.swift in Sources */ = {isa = PBXBuildFile; fileRef = 3EF939BECAF5E4CCAF1E4F7C /* EventDetailView.swift */; };
		C1F5D9E78FC6F6F58A8D1A13 /* PythonBridgeError.swift in Sources */ = {isa = PBXBuildFile; fileRef = AC9AD46BBA95562536DCC2DD /* PythonBridgeError.swift */; };
		C31A967FC802C50964F4BE4F /* AppPaths.swift in Sources */ = {isa = PBXBuildFile; fileRef = BF84F91C6AB5E2AF9EBA988E /* AppPaths.swift */; };
		C38C9C05CF751AAA1B28DFD0 /* AssetGenerationDisplay.swift in Sources */ = {isa = PBXBuildFile; fileRef = 9A0553F4A5D5F36FB60694E4 /* AssetGenerationDisplay.swift */; };
		C3B89354B750F8DA6889D3A8 /* MediaReclaimTests.swift in Sources */ = {isa = PBXBuildFile; fileRef = 2744E745D0D8E9DADE2015C0 /* MediaReclaimTests.swift */; };
		C441BEFB00B24864E99F3F76 /* Analytics.swift in Sources */ = {isa = PBXBuildFile; fileRef = 131DFC672BC525BCA210EE58 /* Analytics.swift */; };
		C6C08260F85A9F51AA30D52B /* PostingDayClipTests.swift in Sources */ = {isa = PBXBuildFile; fileRef = E46688CE84EED24AE7EF6948 /* PostingDayClipTests.swift */; };
		C8570EF5A19688474D11920B /* OCRReviewView.swift in Sources */ = {isa = PBXBuildFile; fileRef = C01C45B805CCDAE330D2F89C /* OCRReviewView.swift */; };
		D3E04F3199E98A9DA07E5368 /* FridayManifestClipsTests.swift in Sources */ = {isa = PBXBuildFile; fileRef = 5C5C6B3E95CFD0CF0A230DEC /* FridayManifestClipsTests.swift */; };
		D885853A207B7BB7CD2007FF /* PostingDayRemovePhotosTests.swift in Sources */ = {isa = PBXBuildFile; fileRef = BF9F3E1F3D03A06B57231103 /* PostingDayRemovePhotosTests.swift */; };
		D892486FD3D595457099ED1F /* StagePillStateTests.swift in Sources */ = {isa = PBXBuildFile; fileRef = F33CF4948C312ECC3CA2464F /* StagePillStateTests.swift */; };
		D8CB6AEE3BB716C86B809498 /* EventStore.swift in Sources */ = {isa = PBXBuildFile; fileRef = 8089518478AA10F4DC5A9A83 /* EventStore.swift */; };
		D93F84B45D2781255E1D6BD3 /* KeychainStoreTests.swift in Sources */ = {isa = PBXBuildFile; fileRef = DC7B1FAFB20429210CABD2BE /* KeychainStoreTests.swift */; };
		DC0F2C1B8DBF14075C489E47 /* Analytics.swift in Sources */ = {isa = PBXBuildFile; fileRef = 131DFC672BC525BCA210EE58 /* Analytics.swift */; };
		DC690D26F40BC6F3EDB7C5DA /* CollageCellSwapTests.swift in Sources */ = {isa = PBXBuildFile; fileRef = B719FEAA2506A47B8A848B1D /* CollageCellSwapTests.swift */; };
		E16572303B16295D9390DA70 /* DesignTokens.swift in Sources */ = {isa = PBXBuildFile; fileRef = 6750316591A729CE9F71D7EA /* DesignTokens.swift */; };
		E2F5B3AB4055C2AEED459082 /* InsightsOrgsView.swift in Sources */ = {isa = PBXBuildFile; fileRef = 3BC18E7B549CE56CA5F05F2F /* InsightsOrgsView.swift */; };
		E403975953ED20DFA5306316 /* ProgramPDFBuilderTests.swift in Sources */ = {isa = PBXBuildFile; fileRef = C760455BFD608EC0CEF12BBE /* ProgramPDFBuilderTests.swift */; };
		E9B3111FF501C77F84E9F8D3 /* PostingPresetStore.swift in Sources */ = {isa = PBXBuildFile; fileRef = B3D01AD78F4EA1A52E642B5A /* PostingPresetStore.swift */; };
		EA02F129EDB2AE1877EB94F4 /* ExportView.swift in Sources */ = {isa = PBXBuildFile; fileRef = 67DBCC41F23BCD37CD1B842C /* ExportView.swift */; };
		EC9CDF247EB7F02FEF88FD05 /* AnalyticsDatesTests.swift in Sources */ = {isa = PBXBuildFile; fileRef = 1C87C92505985A015591B53B /* AnalyticsDatesTests.swift */; };
		ECF547E11F3729797A2A65D7 /* MediaPresence.swift in Sources */ = {isa = PBXBuildFile; fileRef = B4DE081A534A262028467FCA /* MediaPresence.swift */; };
		EDA477A0B60D1F0D6A0D01FF /* OCRResult.swift in Sources */ = {isa = PBXBuildFile; fileRef = D92CD520B46A8592B9C5493C /* OCRResult.swift */; };
		EF60BA2C02200BA84B46A301 /* AssetGenerationDisplay.swift in Sources */ = {isa = PBXBuildFile; fileRef = 9A0553F4A5D5F36FB60694E4 /* AssetGenerationDisplay.swift */; };
		EF8A4312114DD1E988B03A57 /* AssetGenerationView.swift in Sources */ = {isa = PBXBuildFile; fileRef = 4F42942204175B8E8CBD71F9 /* AssetGenerationView.swift */; };
		EFF754FDE2898CB112E7EA15 /* PhotoAssignmentView.swift in Sources */ = {isa = PBXBuildFile; fileRef = 89580BC6221599F5163857E3 /* PhotoAssignmentView.swift */; };
		F02BB76068FDD1CCDA9B5A0F /* AppPathsTests.swift in Sources */ = {isa = PBXBuildFile; fileRef = 9D3DEB623EBE205A91D914CD /* AppPathsTests.swift */; };
		F112C0F8355AE69288C12920 /* PythonBridgeErrorTests.swift in Sources */ = {isa = PBXBuildFile; fileRef = D45798045E0493885EC5FE5D /* PythonBridgeErrorTests.swift */; };
		F14D704DFD89963074FB2680 /* StagePillState.swift in Sources */ = {isa = PBXBuildFile; fileRef = 437103CEA7E838775D2A5C44 /* StagePillState.swift */; };
		F374CE5C96FDA2893D4E3FFF /* OCRProgressView.swift in Sources */ = {isa = PBXBuildFile; fileRef = 965B2DE8F6ED922A33E8922F /* OCRProgressView.swift */; };
		F574621F63DFACE936FF04D4 /* PythonBridge.swift in Sources */ = {isa = PBXBuildFile; fileRef = 6E176B25F0D09B134F669698 /* PythonBridge.swift */; };
		F7287FF02FF430AADD4D5853 /* NotificationService.swift in Sources */ = {isa = PBXBuildFile; fileRef = 3090D877CEFCB9583146E70C /* NotificationService.swift */; };
		F7C3308291DB915741B393B8 /* Event.swift in Sources */ = {isa = PBXBuildFile; fileRef = 6BD025AADE68A58F67848071 /* Event.swift */; };
		F84283C1A2E6E8B575960AB5 /* KeychainStore.swift in Sources */ = {isa = PBXBuildFile; fileRef = 62ACB2F17962B8CB7B7C6BC0 /* KeychainStore.swift */; };
		F919B310442E2174AFBFA260 /* KeychainStore.swift in Sources */ = {isa = PBXBuildFile; fileRef = 62ACB2F17962B8CB7B7C6BC0 /* KeychainStore.swift */; };
		F9F309C0B64DDE96B666C55F /* StagePillState.swift in Sources */ = {isa = PBXBuildFile; fileRef = 437103CEA7E838775D2A5C44 /* StagePillState.swift */; };
		FCD75C4AEA074AB59BAEBBCD /* CollageCandidate.swift in Sources */ = {isa = PBXBuildFile; fileRef = 88E0E0D7A8E5639D8A201397 /* CollageCandidate.swift */; };
		FDE828606ED1E5FFD596249B /* OrphanedMediaCleanup.swift in Sources */ = {isa = PBXBuildFile; fileRef = A633BF0DA8C2886AB1351758 /* OrphanedMediaCleanup.swift */; };
/* End PBXBuildFile section */

/* Begin PBXContainerItemProxy section */
		C666224406EDD9F47796D65F /* PBXContainerItemProxy */ = {
			isa = PBXContainerItemProxy;
			containerPortal = E92F9D1D1BDC7895CF4F899D /* Project object */;
			proxyType = 1;
			remoteGlobalIDString = B955FBE44C941F654416434C;
			remoteInfo = PostRoll;
		};
/* End PBXContainerItemProxy section */

/* Begin PBXFileReference section */
		078889A206CA41E4BA788383 /* HashtagStore.swift */ = {isa = PBXFileReference; lastKnownFileType = sourcecode.swift; path = HashtagStore.swift; sourceTree = "<group>"; };
		08425C03BB53CA6388F5DB0A /* MediaPresenceTests.swift */ = {isa = PBXFileReference; lastKnownFileType = sourcecode.swift; path = MediaPresenceTests.swift; sourceTree = "<group>"; };
		0E97F6D547BC8A7723659213 /* CollageCandidateCache.swift */ = {isa = PBXFileReference; lastKnownFileType = sourcecode.swift; path = CollageCandidateCache.swift; sourceTree = "<group>"; };
		116086AEAC5CE358E5A0272D /* GeneratedOutput.swift */ = {isa = PBXFileReference; lastKnownFileType = sourcecode.swift; path = GeneratedOutput.swift; sourceTree = "<group>"; };
		131DFC672BC525BCA210EE58 /* Analytics.swift */ = {isa = PBXFileReference; lastKnownFileType = sourcecode.swift; path = Analytics.swift; sourceTree = "<group>"; };
		17CA661F528639B67099B6E0 /* PostingPresetTests.swift */ = {isa = PBXFileReference; lastKnownFileType = sourcecode.swift; path = PostingPresetTests.swift; sourceTree = "<group>"; };
		1BEF272B5F90344755388061 /* PostRollUITests.swift */ = {isa = PBXFileReference; lastKnownFileType = sourcecode.swift; path = PostRollUITests.swift; sourceTree = "<group>"; };
		1C87C92505985A015591B53B /* AnalyticsDatesTests.swift */ = {isa = PBXFileReference; lastKnownFileType = sourcecode.swift; path = AnalyticsDatesTests.swift; sourceTree = "<group>"; };
		2178E7D3FF9E716B3FE384DA /* HandleBook.swift */ = {isa = PBXFileReference; lastKnownFileType = sourcecode.swift; path = HandleBook.swift; sourceTree = "<group>"; };
		24AECB505A695D36F23862F9 /* MediaReclaim.swift */ = {isa = PBXFileReference; lastKnownFileType = sourcecode.swift; path = MediaReclaim.swift; sourceTree = "<group>"; };
		2744E745D0D8E9DADE2015C0 /* MediaReclaimTests.swift */ = {isa = PBXFileReference; lastKnownFileType = sourcecode.swift; path = MediaReclaimTests.swift; sourceTree = "<group>"; };
		30734A52AAEC8C7D2F66AA83 /* EventStoreTests.swift */ = {isa = PBXFileReference; lastKnownFileType = sourcecode.swift; path = EventStoreTests.swift; sourceTree = "<group>"; };
		3090D877CEFCB9583146E70C /* NotificationService.swift */ = {isa = PBXFileReference; lastKnownFileType = sourcecode.swift; path = NotificationService.swift; sourceTree = "<group>"; };
		30ACB2B5694C77A74D9AB6CF /* FridayReviewDisplayTests.swift */ = {isa = PBXFileReference; lastKnownFileType = sourcecode.swift; path = FridayReviewDisplayTests.swift; sourceTree = "<group>"; };
		3BC18E7B549CE56CA5F05F2F /* InsightsOrgsView.swift */ = {isa = PBXFileReference; lastKnownFileType = sourcecode.swift; path = InsightsOrgsView.swift; sourceTree = "<group>"; };
		3D9F706E921F18E81E4867E2 /* PostRollTests.xctest */ = {isa = PBXFileReference; explicitFileType = wrapper.cfbundle; includeInIndex = 0; path = PostRollTests.xctest; sourceTree = BUILT_PRODUCTS_DIR; };
		3EF939BECAF5E4CCAF1E4F7C /* EventDetailView.swift */ = {isa = PBXFileReference; lastKnownFileType = sourcecode.swift; path = EventDetailView.swift; sourceTree = "<group>"; };
		3F4E5793E295B675C8F8B89F /* SpeculativeReelRenderer.swift */ = {isa = PBXFileReference; lastKnownFileType = sourcecode.swift; path = SpeculativeReelRenderer.swift; sourceTree = "<group>"; };
		437103CEA7E838775D2A5C44 /* StagePillState.swift */ = {isa = PBXFileReference; lastKnownFileType = sourcecode.swift; path = StagePillState.swift; sourceTree = "<group>"; };
		4A31D6EB78C2CCA95EEA28E2 /* PostRollUITests.xctest */ = {isa = PBXFileReference; explicitFileType = wrapper.cfbundle; includeInIndex = 0; path = PostRollUITests.xctest; sourceTree = BUILT_PRODUCTS_DIR; };
		4F42942204175B8E8CBD71F9 /* AssetGenerationView.swift */ = {isa = PBXFileReference; lastKnownFileType = sourcecode.swift; path = AssetGenerationView.swift; sourceTree = "<group>"; };
		4FAEB59D847096DA9B4BE148 /* PerformerDesignationTests.swift */ = {isa = PBXFileReference; lastKnownFileType = sourcecode.swift; path = PerformerDesignationTests.swift; sourceTree = "<group>"; };
		54CCFB41C29B650FC93DCF01 /* EventExporter.swift */ = {isa = PBXFileReference; lastKnownFileType = sourcecode.swift; path = EventExporter.swift; sourceTree = "<group>"; };
		584DFA6398241E1B1181F5B4 /* CollageGeometryTests.swift */ = {isa = PBXFileReference; lastKnownFileType = sourcecode.swift; path = CollageGeometryTests.swift; sourceTree = "<group>"; };
		58A020A0EF0A91C083D3E01D /* FridayPipelineProgress.swift */ = {isa = PBXFileReference; lastKnownFileType = sourcecode.swift; path = FridayPipelineProgress.swift; sourceTree = "<group>"; };
		5C5C6B3E95CFD0CF0A230DEC /* FridayManifestClipsTests.swift */ = {isa = PBXFileReference; lastKnownFileType = sourcecode.swift; path = FridayManifestClipsTests.swift; sourceTree = "<group>"; };
		62ACB2F17962B8CB7B7C6BC0 /* KeychainStore.swift */ = {isa = PBXFileReference; lastKnownFileType = sourcecode.swift; path = KeychainStore.swift; sourceTree = "<group>"; };
		6750316591A729CE9F71D7EA /* DesignTokens.swift */ = {isa = PBXFileReference; lastKnownFileType = sourcecode.swift; path = DesignTokens.swift; sourceTree = "<group>"; };
		677D6FC4AA7CD6673840AC38 /* PhotoTagsCodableTests.swift */ = {isa = PBXFileReference; lastKnownFileType = sourcecode.swift; path = PhotoTagsCodableTests.swift; sourceTree = "<group>"; };
		67DBCC41F23BCD37CD1B842C /* ExportView.swift */ = {isa = PBXFileReference; lastKnownFileType = sourcecode.swift; path = ExportView.swift; sourceTree = "<group>"; };
		6B123A7C2CBCBA4D6DF63E12 /* SettingsView.swift */ = {isa = PBXFileReference; lastKnownFileType = sourcecode.swift; path = SettingsView.swift; sourceTree = "<group>"; };
		6BD025AADE68A58F67848071 /* Event.swift */ = {isa = PBXFileReference; lastKnownFileType = sourcecode.swift; path = Event.swift; sourceTree = "<group>"; };
		6E176B25F0D09B134F669698 /* PythonBridge.swift */ = {isa = PBXFileReference; lastKnownFileType = sourcecode.swift; path = PythonBridge.swift; sourceTree = "<group>"; };
		6F05063CB9D037B1C17C3543 /* InsightsPostsView.swift */ = {isa = PBXFileReference; lastKnownFileType = sourcecode.swift; path = InsightsPostsView.swift; sourceTree = "<group>"; };
		716DB949EC522F26C5BC2412 /* CollageRendererTests.swift */ = {isa = PBXFileReference; lastKnownFileType = sourcecode.swift; path = CollageRendererTests.swift; sourceTree = "<group>"; };
		76D12DE3DE33EAF68DD7B671 /* EventFridayClipPlanWritebackTests.swift */ = {isa = PBXFileReference; lastKnownFileType = sourcecode.swift; path = EventFridayClipPlanWritebackTests.swift; sourceTree = "<group>"; };
		783FE456108A35CC016ECDEE /* OrphanedMediaCleanupTests.swift */ = {isa = PBXFileReference; lastKnownFileType = sourcecode.swift; path = OrphanedMediaCleanupTests.swift; sourceTree = "<group>"; };
		7B9BB61B6F46DB4923B3A2C6 /* EventJobTracker.swift */ = {isa = PBXFileReference; lastKnownFileType = sourcecode.swift; path = EventJobTracker.swift; sourceTree = "<group>"; };
		8089518478AA10F4DC5A9A83 /* EventStore.swift */ = {isa = PBXFileReference; lastKnownFileType = sourcecode.swift; path = EventStore.swift; sourceTree = "<group>"; };
		871FEB947457130340BB8140 /* NewEventSheet.swift */ = {isa = PBXFileReference; lastKnownFileType = sourcecode.swift; path = NewEventSheet.swift; sourceTree = "<group>"; };
		88E0E0D7A8E5639D8A201397 /* CollageCandidate.swift */ = {isa = PBXFileReference; lastKnownFileType = sourcecode.swift; path = CollageCandidate.swift; sourceTree = "<group>"; };
		89580BC6221599F5163857E3 /* PhotoAssignmentView.swift */ = {isa = PBXFileReference; lastKnownFileType = sourcecode.swift; path = PhotoAssignmentView.swift; sourceTree = "<group>"; };
		8A26923494812F2E3647D2CE /* PreviewGenerationClipPlanDecodeTests.swift */ = {isa = PBXFileReference; lastKnownFileType = sourcecode.swift; path = PreviewGenerationClipPlanDecodeTests.swift; sourceTree = "<group>"; };
		8D26540356A73F27B16AB755 /* LegacyDataReclaimTests.swift */ = {isa = PBXFileReference; lastKnownFileType = sourcecode.swift; path = LegacyDataReclaimTests.swift; sourceTree = "<group>"; };
		8E036A5DB21C743488F9ACEF /* FridayOverrideManifestTests.swift */ = {isa = PBXFileReference; lastKnownFileType = sourcecode.swift; path = FridayOverrideManifestTests.swift; sourceTree = "<group>"; };
		8E40B3AE76401EAAFF392BCB /* ProgramPDFBuilder.swift */ = {isa = PBXFileReference; lastKnownFileType = sourcecode.swift; path = ProgramPDFBuilder.swift; sourceTree = "<group>"; };
		8E6D2DEC7EBC2F626F316004 /* ModelDecodeToleranceTests.swift */ = {isa = PBXFileReference; lastKnownFileType = sourcecode.swift; path = ModelDecodeToleranceTests.swift; sourceTree = "<group>"; };
		939A60F113D20E66722DA5B9 /* PostRollApp.swift */ = {isa = PBXFileReference; lastKnownFileType = sourcecode.swift; path = PostRollApp.swift; sourceTree = "<group>"; };
		965B2DE8F6ED922A33E8922F /* OCRProgressView.swift */ = {isa = PBXFileReference; lastKnownFileType = sourcecode.swift; path = OCRProgressView.swift; sourceTree = "<group>"; };
		992815881B3D0ADB1B48FFB4 /* DataMigration.swift */ = {isa = PBXFileReference; lastKnownFileType = sourcecode.swift; path = DataMigration.swift; sourceTree = "<group>"; };
		9A0553F4A5D5F36FB60694E4 /* AssetGenerationDisplay.swift */ = {isa = PBXFileReference; lastKnownFileType = sourcecode.swift; path = AssetGenerationDisplay.swift; sourceTree = "<group>"; };
		9D3DEB623EBE205A91D914CD /* AppPathsTests.swift */ = {isa = PBXFileReference; lastKnownFileType = sourcecode.swift; path = AppPathsTests.swift; sourceTree = "<group>"; };
		9DF83F68E9190E503673E0D0 /* CollageCandidateCacheTests.swift */ = {isa = PBXFileReference; lastKnownFileType = sourcecode.swift; path = CollageCandidateCacheTests.swift; sourceTree = "<group>"; };
		A0446FB348B393437FB313CD /* ProgramUploadView.swift */ = {isa = PBXFileReference; lastKnownFileType = sourcecode.swift; path = ProgramUploadView.swift; sourceTree = "<group>"; };
		A362A1A4A339D47CDDA16372 /* AnalyticsStore.swift */ = {isa = PBXFileReference; lastKnownFileType = sourcecode.swift; path = AnalyticsStore.swift; sourceTree = "<group>"; };
		A633BF0DA8C2886AB1351758 /* OrphanedMediaCleanup.swift */ = {isa = PBXFileReference; lastKnownFileType = sourcecode.swift; path = OrphanedMediaCleanup.swift; sourceTree = "<group>"; };
		A86186352444AE55261F590E /* PreviewMergePolicyTests.swift */ = {isa = PBXFileReference; lastKnownFileType = sourcecode.swift; path = PreviewMergePolicyTests.swift; sourceTree = "<group>"; };
		A8709408F930801E3507C477 /* MainWindowView.swift */ = {isa = PBXFileReference; lastKnownFileType = sourcecode.swift; path = MainWindowView.swift; sourceTree = "<group>"; };
		AB2A64A47B5C709FD62EFC35 /* ArchiveCleanupTests.swift */ = {isa = PBXFileReference; lastKnownFileType = sourcecode.swift; path = ArchiveCleanupTests.swift; sourceTree = "<group>"; };
		ABCF75AA5A7C1685C2EF0045 /* EventJobTrackerTests.swift */ = {isa = PBXFileReference; lastKnownFileType = sourcecode.swift; path = EventJobTrackerTests.swift; sourceTree = "<group>"; };
		AC9AD46BBA95562536DCC2DD /* PythonBridgeError.swift */ = {isa = PBXFileReference; lastKnownFileType = sourcecode.swift; path = PythonBridgeError.swift; sourceTree = "<group>"; };
		ADDAEF16332BD6FA5E410B65 /* CollageGeometry.swift */ = {isa = PBXFileReference; lastKnownFileType = sourcecode.swift; path = CollageGeometry.swift; sourceTree = "<group>"; };
		B3D01AD78F4EA1A52E642B5A /* PostingPresetStore.swift */ = {isa = PBXFileReference; lastKnownFileType = sourcecode.swift; path = PostingPresetStore.swift; sourceTree = "<group>"; };
		B4DE081A534A262028467FCA /* MediaPresence.swift */ = {isa = PBXFileReference; lastKnownFileType = sourcecode.swift; path = MediaPresence.swift; sourceTree = "<group>"; };
		B50B51B46F18FDB67EA62320 /* PostRoll.app */ = {isa = PBXFileReference; explicitFileType = wrapper.application; includeInIndex = 0; path = PostRoll.app; sourceTree = BUILT_PRODUCTS_DIR; };
		B63250E69964610C3E6239F4 /* DataMigrationTests.swift */ = {isa = PBXFileReference; lastKnownFileType = sourcecode.swift; path = DataMigrationTests.swift; sourceTree = "<group>"; };
		B719FEAA2506A47B8A848B1D /* CollageCellSwapTests.swift */ = {isa = PBXFileReference; lastKnownFileType = sourcecode.swift; path = CollageCellSwapTests.swift; sourceTree = "<group>"; };
		BA8FCB22FC37C59AF0CF4F0F /* TestTargetHygieneTests.swift */ = {isa = PBXFileReference; lastKnownFileType = sourcecode.swift; path = TestTargetHygieneTests.swift; sourceTree = "<group>"; };
		BF84F91C6AB5E2AF9EBA988E /* AppPaths.swift */ = {isa = PBXFileReference; lastKnownFileType = sourcecode.swift; path = AppPaths.swift; sourceTree = "<group>"; };
		BF9F3E1F3D03A06B57231103 /* PostingDayRemovePhotosTests.swift */ = {isa = PBXFileReference; lastKnownFileType = sourcecode.swift; path = PostingDayRemovePhotosTests.swift; sourceTree = "<group>"; };
		C01C45B805CCDAE330D2F89C /* OCRReviewView.swift */ = {isa = PBXFileReference; lastKnownFileType = sourcecode.swift; path = OCRReviewView.swift; sourceTree = "<group>"; };
		C760455BFD608EC0CEF12BBE /* ProgramPDFBuilderTests.swift */ = {isa = PBXFileReference; lastKnownFileType = sourcecode.swift; path = ProgramPDFBuilderTests.swift; sourceTree = "<group>"; };
		C8A4A3E9D72712D4166FFCE7 /* OCRManager.swift */ = {isa = PBXFileReference; lastKnownFileType = sourcecode.swift; path = OCRManager.swift; sourceTree = "<group>"; };
		C98221E4EC10D5D7C582399F /* SpellCheckingTextEditor.swift */ = {isa = PBXFileReference; lastKnownFileType = sourcecode.swift; path = SpellCheckingTextEditor.swift; sourceTree = "<group>"; };
		CA4543CAE4F0C925D272A017 /* TimingStore.swift */ = {isa = PBXFileReference; lastKnownFileType = sourcecode.swift; path = TimingStore.swift; sourceTree = "<group>"; };
		CA6216D3AE9426D00E05CC60 /* CollageRenderer.swift */ = {isa = PBXFileReference; lastKnownFileType = sourcecode.swift; path = CollageRenderer.swift; sourceTree = "<group>"; };
		CAABA87AA3A783C3D69A415E /* StagePillDisplayTests.swift */ = {isa = PBXFileReference; lastKnownFileType = sourcecode.swift; path = StagePillDisplayTests.swift; sourceTree = "<group>"; };
		CAE5B174E1C9527180BFF2E2 /* DayStateMerger.swift */ = {isa = PBXFileReference; lastKnownFileType = sourcecode.swift; path = DayStateMerger.swift; sourceTree = "<group>"; };
		CC3E912717BD14F25AD7B4F3 /* EventExporterTests.swift */ = {isa = PBXFileReference; lastKnownFileType = sourcecode.swift; path = EventExporterTests.swift; sourceTree = "<group>"; };
		CE82B7DB7FECF4341E6A2067 /* InsightsDetailView.swift */ = {isa = PBXFileReference; lastKnownFileType = sourcecode.swift; path = InsightsDetailView.swift; sourceTree = "<group>"; };
		CF1197B2D65B55BE29BAF408 /* FridayPipelineProgressTests.swift */ = {isa = PBXFileReference; lastKnownFileType = sourcecode.swift; path = FridayPipelineProgressTests.swift; sourceTree = "<group>"; };
		CFCA31C1D56515C207BE3BB6 /* GenerationManager.swift */ = {isa = PBXFileReference; lastKnownFileType = sourcecode.swift; path = GenerationManager.swift; sourceTree = "<group>"; };
		D34E3461A0DA761D23DA2DB7 /* InsightsSidebarView.swift */ = {isa = PBXFileReference; lastKnownFileType = sourcecode.swift; path = InsightsSidebarView.swift; sourceTree = "<group>"; };
		D3CBB9FE0732F7C89DCD4B8D /* DayStateMergerTests.swift */ = {isa = PBXFileReference; lastKnownFileType = sourcecode.swift; path = DayStateMergerTests.swift; sourceTree = "<group>"; };
		D45798045E0493885EC5FE5D /* PythonBridgeErrorTests.swift */ = {isa = PBXFileReference; lastKnownFileType = sourcecode.swift; path = PythonBridgeErrorTests.swift; sourceTree = "<group>"; };
		D5F8E13FD8CD89C280ED6930 /* ExportManager.swift */ = {isa = PBXFileReference; lastKnownFileType = sourcecode.swift; path = ExportManager.swift; sourceTree = "<group>"; };
		D92CD520B46A8592B9C5493C /* OCRResult.swift */ = {isa = PBXFileReference; lastKnownFileType = sourcecode.swift; path = OCRResult.swift; sourceTree = "<group>"; };
		DB9E4B9B7EC3C8B0195232E0 /* ArchiveCleanup.swift */ = {isa = PBXFileReference; lastKnownFileType = sourcecode.swift; path = ArchiveCleanup.swift; sourceTree = "<group>"; };
		DC7B1FAFB20429210CABD2BE /* KeychainStoreTests.swift */ = {isa = PBXFileReference; lastKnownFileType = sourcecode.swift; path = KeychainStoreTests.swift; sourceTree = "<group>"; };
		DEEDE6F9DD9D9B527BB6E897 /* Assets.xcassets */ = {isa = PBXFileReference; lastKnownFileType = folder.assetcatalog; path = Assets.xcassets; sourceTree = "<group>"; };
		E46688CE84EED24AE7EF6948 /* PostingDayClipTests.swift */ = {isa = PBXFileReference; lastKnownFileType = sourcecode.swift; path = PostingDayClipTests.swift; sourceTree = "<group>"; };
		E4BEB62FA9022665E1A22746 /* AssetGenerationDisplayTests.swift */ = {isa = PBXFileReference; lastKnownFileType = sourcecode.swift; path = AssetGenerationDisplayTests.swift; sourceTree = "<group>"; };
		EA6AA2AE88362A839C17311F /* FridayReviewDisplay.swift */ = {isa = PBXFileReference; lastKnownFileType = sourcecode.swift; path = FridayReviewDisplay.swift; sourceTree = "<group>"; };
		F33CF4948C312ECC3CA2464F /* StagePillStateTests.swift */ = {isa = PBXFileReference; lastKnownFileType = sourcecode.swift; path = StagePillStateTests.swift; sourceTree = "<group>"; };
		F3D8E207CB219F815A1757C1 /* LegacyDataReclaim.swift */ = {isa = PBXFileReference; lastKnownFileType = sourcecode.swift; path = LegacyDataReclaim.swift; sourceTree = "<group>"; };
		F7DDBE7D2AD5AD12EBDDDEFA /* InsightsOverviewView.swift */ = {isa = PBXFileReference; lastKnownFileType = sourcecode.swift; path = InsightsOverviewView.swift; sourceTree = "<group>"; };
		FA165A0BD9026AD99EB583C0 /* PreviewMergePolicy.swift */ = {isa = PBXFileReference; lastKnownFileType = sourcecode.swift; path = PreviewMergePolicy.swift; sourceTree = "<group>"; };
		FC095CA3EC9408DC5D2486B2 /* CaptionReviewView.swift */ = {isa = PBXFileReference; lastKnownFileType = sourcecode.swift; path = CaptionReviewView.swift; sourceTree = "<group>"; };
		FD0514CA7990CF2688E9E5ED /* AppState.swift */ = {isa = PBXFileReference; lastKnownFileType = sourcecode.swift; path = AppState.swift; sourceTree = "<group>"; };
		FFB5AA22E06BCDCFE77EBF90 /* EventListView.swift */ = {isa = PBXFileReference; lastKnownFileType = sourcecode.swift; path = EventListView.swift; sourceTree = "<group>"; };
/* End PBXFileReference section */

/* Begin PBXGroup section */
		3A3642944A2936FF46914115 /* Sources */ = {
			isa = PBXGroup;
			children = (
				FD0514CA7990CF2688E9E5ED /* AppState.swift */,
				6750316591A729CE9F71D7EA /* DesignTokens.swift */,
				939A60F113D20E66722DA5B9 /* PostRollApp.swift */,
				5CF7E7B335975C4425D2463F /* Models */,
				85A678E8D389286D2D211183 /* Services */,
				5B85709540368820E1E072F4 /* Views */,
			);
			path = Sources;
			sourceTree = "<group>";
		};
		45C73EC9F2EFF2AC96CE4C6C /* Insights */ = {
			isa = PBXGroup;
			children = (
				CE82B7DB7FECF4341E6A2067 /* InsightsDetailView.swift */,
				3BC18E7B549CE56CA5F05F2F /* InsightsOrgsView.swift */,
				F7DDBE7D2AD5AD12EBDDDEFA /* InsightsOverviewView.swift */,
				6F05063CB9D037B1C17C3543 /* InsightsPostsView.swift */,
				D34E3461A0DA761D23DA2DB7 /* InsightsSidebarView.swift */,
			);
			path = Insights;
			sourceTree = "<group>";
		};
		5B85709540368820E1E072F4 /* Views */ = {
			isa = PBXGroup;
			children = (
				4F42942204175B8E8CBD71F9 /* AssetGenerationView.swift */,
				FC095CA3EC9408DC5D2486B2 /* CaptionReviewView.swift */,
				3EF939BECAF5E4CCAF1E4F7C /* EventDetailView.swift */,
				FFB5AA22E06BCDCFE77EBF90 /* EventListView.swift */,
				67DBCC41F23BCD37CD1B842C /* ExportView.swift */,
				A8709408F930801E3507C477 /* MainWindowView.swift */,
				871FEB947457130340BB8140 /* NewEventSheet.swift */,
				965B2DE8F6ED922A33E8922F /* OCRProgressView.swift */,
				C01C45B805CCDAE330D2F89C /* OCRReviewView.swift */,
				89580BC6221599F5163857E3 /* PhotoAssignmentView.swift */,
				A0446FB348B393437FB313CD /* ProgramUploadView.swift */,
				6B123A7C2CBCBA4D6DF63E12 /* SettingsView.swift */,
				C98221E4EC10D5D7C582399F /* SpellCheckingTextEditor.swift */,
				45C73EC9F2EFF2AC96CE4C6C /* Insights */,
			);
			path = Views;
			sourceTree = "<group>";
		};
		5CF7E7B335975C4425D2463F /* Models */ = {
			isa = PBXGroup;
			children = (
				131DFC672BC525BCA210EE58 /* Analytics.swift */,
				9A0553F4A5D5F36FB60694E4 /* AssetGenerationDisplay.swift */,
				6BD025AADE68A58F67848071 /* Event.swift */,
				116086AEAC5CE358E5A0272D /* GeneratedOutput.swift */,
				D92CD520B46A8592B9C5493C /* OCRResult.swift */,
				437103CEA7E838775D2A5C44 /* StagePillState.swift */,
			);
			path = Models;
			sourceTree = "<group>";
		};
		85A678E8D389286D2D211183 /* Services */ = {
			isa = PBXGroup;
			children = (
				A362A1A4A339D47CDDA16372 /* AnalyticsStore.swift */,
				BF84F91C6AB5E2AF9EBA988E /* AppPaths.swift */,
				DB9E4B9B7EC3C8B0195232E0 /* ArchiveCleanup.swift */,
				88E0E0D7A8E5639D8A201397 /* CollageCandidate.swift */,
				0E97F6D547BC8A7723659213 /* CollageCandidateCache.swift */,
				ADDAEF16332BD6FA5E410B65 /* CollageGeometry.swift */,
				CA6216D3AE9426D00E05CC60 /* CollageRenderer.swift */,
				992815881B3D0ADB1B48FFB4 /* DataMigration.swift */,
				CAE5B174E1C9527180BFF2E2 /* DayStateMerger.swift */,
				54CCFB41C29B650FC93DCF01 /* EventExporter.swift */,
				7B9BB61B6F46DB4923B3A2C6 /* EventJobTracker.swift */,
				8089518478AA10F4DC5A9A83 /* EventStore.swift */,
				D5F8E13FD8CD89C280ED6930 /* ExportManager.swift */,
				58A020A0EF0A91C083D3E01D /* FridayPipelineProgress.swift */,
				EA6AA2AE88362A839C17311F /* FridayReviewDisplay.swift */,
				CFCA31C1D56515C207BE3BB6 /* GenerationManager.swift */,
				2178E7D3FF9E716B3FE384DA /* HandleBook.swift */,
				078889A206CA41E4BA788383 /* HashtagStore.swift */,
				62ACB2F17962B8CB7B7C6BC0 /* KeychainStore.swift */,
				F3D8E207CB219F815A1757C1 /* LegacyDataReclaim.swift */,
				B4DE081A534A262028467FCA /* MediaPresence.swift */,
				24AECB505A695D36F23862F9 /* MediaReclaim.swift */,
				3090D877CEFCB9583146E70C /* NotificationService.swift */,
				C8A4A3E9D72712D4166FFCE7 /* OCRManager.swift */,
				A633BF0DA8C2886AB1351758 /* OrphanedMediaCleanup.swift */,
				B3D01AD78F4EA1A52E642B5A /* PostingPresetStore.swift */,
				FA165A0BD9026AD99EB583C0 /* PreviewMergePolicy.swift */,
				8E40B3AE76401EAAFF392BCB /* ProgramPDFBuilder.swift */,
				6E176B25F0D09B134F669698 /* PythonBridge.swift */,
				AC9AD46BBA95562536DCC2DD /* PythonBridgeError.swift */,
				3F4E5793E295B675C8F8B89F /* SpeculativeReelRenderer.swift */,
				CA4543CAE4F0C925D272A017 /* TimingStore.swift */,
			);
			path = Services;
			sourceTree = "<group>";
		};
		8806F03194951F1F4902C863 /* Products */ = {
			isa = PBXGroup;
			children = (
				B50B51B46F18FDB67EA62320 /* PostRoll.app */,
				3D9F706E921F18E81E4867E2 /* PostRollTests.xctest */,
				4A31D6EB78C2CCA95EEA28E2 /* PostRollUITests.xctest */,
			);
			name = Products;
			sourceTree = "<group>";
		};
		885ED4AD944C9C4558CA58EF /* UITests */ = {
			isa = PBXGroup;
			children = (
				1BEF272B5F90344755388061 /* PostRollUITests.swift */,
			);
			path = UITests;
			sourceTree = "<group>";
		};
		BFF2DD083753BE3271ACE867 /* Tests */ = {
			isa = PBXGroup;
			children = (
				1C87C92505985A015591B53B /* AnalyticsDatesTests.swift */,
				9D3DEB623EBE205A91D914CD /* AppPathsTests.swift */,
				AB2A64A47B5C709FD62EFC35 /* ArchiveCleanupTests.swift */,
				E4BEB62FA9022665E1A22746 /* AssetGenerationDisplayTests.swift */,
				9DF83F68E9190E503673E0D0 /* CollageCandidateCacheTests.swift */,
				B719FEAA2506A47B8A848B1D /* CollageCellSwapTests.swift */,
				584DFA6398241E1B1181F5B4 /* CollageGeometryTests.swift */,
				716DB949EC522F26C5BC2412 /* CollageRendererTests.swift */,
				B63250E69964610C3E6239F4 /* DataMigrationTests.swift */,
				D3CBB9FE0732F7C89DCD4B8D /* DayStateMergerTests.swift */,
				CC3E912717BD14F25AD7B4F3 /* EventExporterTests.swift */,
				76D12DE3DE33EAF68DD7B671 /* EventFridayClipPlanWritebackTests.swift */,
				ABCF75AA5A7C1685C2EF0045 /* EventJobTrackerTests.swift */,
				30734A52AAEC8C7D2F66AA83 /* EventStoreTests.swift */,
				5C5C6B3E95CFD0CF0A230DEC /* FridayManifestClipsTests.swift */,
				8E036A5DB21C743488F9ACEF /* FridayOverrideManifestTests.swift */,
				CF1197B2D65B55BE29BAF408 /* FridayPipelineProgressTests.swift */,
				30ACB2B5694C77A74D9AB6CF /* FridayReviewDisplayTests.swift */,
				DC7B1FAFB20429210CABD2BE /* KeychainStoreTests.swift */,
				8D26540356A73F27B16AB755 /* LegacyDataReclaimTests.swift */,
				08425C03BB53CA6388F5DB0A /* MediaPresenceTests.swift */,
				2744E745D0D8E9DADE2015C0 /* MediaReclaimTests.swift */,
				8E6D2DEC7EBC2F626F316004 /* ModelDecodeToleranceTests.swift */,
				783FE456108A35CC016ECDEE /* OrphanedMediaCleanupTests.swift */,
				4FAEB59D847096DA9B4BE148 /* PerformerDesignationTests.swift */,
				677D6FC4AA7CD6673840AC38 /* PhotoTagsCodableTests.swift */,
				E46688CE84EED24AE7EF6948 /* PostingDayClipTests.swift */,
				BF9F3E1F3D03A06B57231103 /* PostingDayRemovePhotosTests.swift */,
				17CA661F528639B67099B6E0 /* PostingPresetTests.swift */,
				8A26923494812F2E3647D2CE /* PreviewGenerationClipPlanDecodeTests.swift */,
				A86186352444AE55261F590E /* PreviewMergePolicyTests.swift */,
				C760455BFD608EC0CEF12BBE /* ProgramPDFBuilderTests.swift */,
				D45798045E0493885EC5FE5D /* PythonBridgeErrorTests.swift */,
				CAABA87AA3A783C3D69A415E /* StagePillDisplayTests.swift */,
				F33CF4948C312ECC3CA2464F /* StagePillStateTests.swift */,
				BA8FCB22FC37C59AF0CF4F0F /* TestTargetHygieneTests.swift */,
			);
			path = Tests;
			sourceTree = "<group>";
		};
		D7BA57FBB842B4CC7A9416D7 = {
			isa = PBXGroup;
			children = (
				DEEDE6F9DD9D9B527BB6E897 /* Assets.xcassets */,
				3A3642944A2936FF46914115 /* Sources */,
				BFF2DD083753BE3271ACE867 /* Tests */,
				885ED4AD944C9C4558CA58EF /* UITests */,
				8806F03194951F1F4902C863 /* Products */,
			);
			sourceTree = "<group>";
		};
/* End PBXGroup section */

/* Begin PBXNativeTarget section */
		0F4295ACD5DE116720581975 /* PostRollUITests */ = {
			isa = PBXNativeTarget;
			buildConfigurationList = 1C551DB5913D6DFA47088C00 /* Build configuration list for PBXNativeTarget "PostRollUITests" */;
			buildPhases = (
				9E2BAE3874B44B5E780F0F67 /* Sources */,
			);
			buildRules = (
			);
			dependencies = (
				876D69A0C7124CF1921D23D2 /* PBXTargetDependency */,
			);
			name = PostRollUITests;
			packageProductDependencies = (
			);
			productName = PostRollUITests;
			productReference = 4A31D6EB78C2CCA95EEA28E2 /* PostRollUITests.xctest */;
			productType = "com.apple.product-type.bundle.ui-testing";
		};
		997CBCF9F0A0617C7B6979B4 /* PostRollTests */ = {
			isa = PBXNativeTarget;
			buildConfigurationList = 534C2067EDF7B29173AF7E9A /* Build configuration list for PBXNativeTarget "PostRollTests" */;
			buildPhases = (
				D395A0BFDEAF3F19AE092519 /* Sources */,
			);
			buildRules = (
			);
			dependencies = (
			);
			name = PostRollTests;
			packageProductDependencies = (
			);
			productName = PostRollTests;
			productReference = 3D9F706E921F18E81E4867E2 /* PostRollTests.xctest */;
			productType = "com.apple.product-type.bundle.unit-test";
		};
		B955FBE44C941F654416434C /* PostRoll */ = {
			isa = PBXNativeTarget;
			buildConfigurationList = 40660DD58F3C6DF3D3C95189 /* Build configuration list for PBXNativeTarget "PostRoll" */;
			buildPhases = (
				1BF155DAC2470B6F61422B77 /* Sources */,
				C44F82EF2CB46F15DF6D3B69 /* Resources */,
			);
			buildRules = (
			);
			dependencies = (
			);
			name = PostRoll;
			packageProductDependencies = (
			);
			productName = PostRoll;
			productReference = B50B51B46F18FDB67EA62320 /* PostRoll.app */;
			productType = "com.apple.product-type.application";
		};
/* End PBXNativeTarget section */

/* Begin PBXProject section */
		E92F9D1D1BDC7895CF4F899D /* Project object */ = {
			isa = PBXProject;
			attributes = {
				BuildIndependentTargetsInParallel = YES;
				LastUpgradeCheck = 1630;
				TargetAttributes = {
					0F4295ACD5DE116720581975 = {
						TestTargetID = B955FBE44C941F654416434C;
					};
					B955FBE44C941F654416434C = {
						ProvisioningStyle = Automatic;
					};
				};
			};
			buildConfigurationList = 8EE22FE27A2A7711851342CC /* Build configuration list for PBXProject "PostRoll" */;
			developmentRegion = en;
			hasScannedForEncodings = 0;
			knownRegions = (
				Base,
				en,
			);
			mainGroup = D7BA57FBB842B4CC7A9416D7;
			minimizedProjectReferenceProxies = 1;
			preferredProjectObjectVersion = 77;
			productRefGroup = 8806F03194951F1F4902C863 /* Products */;
			projectDirPath = "";
			projectRoot = "";
			targets = (
				B955FBE44C941F654416434C /* PostRoll */,
				997CBCF9F0A0617C7B6979B4 /* PostRollTests */,
				0F4295ACD5DE116720581975 /* PostRollUITests */,
			);
		};
/* End PBXProject section */

/* Begin PBXResourcesBuildPhase section */
		C44F82EF2CB46F15DF6D3B69 /* Resources */ = {
			isa = PBXResourcesBuildPhase;
			buildActionMask = 2147483647;
			files = (
				A5F369CC1176C0F5A2DB07F2 /* Assets.xcassets in Resources */,
			);
			runOnlyForDeploymentPostprocessing = 0;
		};
/* End PBXResourcesBuildPhase section */

/* Begin PBXSourcesBuildPhase section */
		1BF155DAC2470B6F61422B77 /* Sources */ = {
			isa = PBXSourcesBuildPhase;
			buildActionMask = 2147483647;
			files = (
				C441BEFB00B24864E99F3F76 /* Analytics.swift in Sources */,
				06630E56AF30C91B88CBE538 /* AnalyticsStore.swift in Sources */,
				6C71EC9FE6B95569EFB60D36 /* AppPaths.swift in Sources */,
				82C249F3E5DCFA8E1D257EFD /* AppState.swift in Sources */,
				23DFF11B2ECAACC9F623962B /* ArchiveCleanup.swift in Sources */,
				C38C9C05CF751AAA1B28DFD0 /* AssetGenerationDisplay.swift in Sources */,
				EF8A4312114DD1E988B03A57 /* AssetGenerationView.swift in Sources */,
				4E800BF325AA929687599262 /* CaptionReviewView.swift in Sources */,
				22E11FE63F752C377C620E26 /* CollageCandidate.swift in Sources */,
				81304E8C7DFDDF966E63E46D /* CollageCandidateCache.swift in Sources */,
				6AFE134A61C3F9790D3A0349 /* CollageGeometry.swift in Sources */,
				987B16B87DC390DDDC5B01C8 /* CollageRenderer.swift in Sources */,
				10B54FC7A897A476FC90FC03 /* DataMigration.swift in Sources */,
				32388054577B5C231271A428 /* DayStateMerger.swift in Sources */,
				E16572303B16295D9390DA70 /* DesignTokens.swift in Sources */,
				F7C3308291DB915741B393B8 /* Event.swift in Sources */,
				BF0F254EEE3D9C64ADD26EFF /* EventDetailView.swift in Sources */,
				7DDABDA70CEF29B32A429D7D /* EventExporter.swift in Sources */,
				78F026F5BDA5FA2D84127C8F /* EventJobTracker.swift in Sources */,
				1DCAB3F9F9EBE4A2B29C2468 /* EventListView.swift in Sources */,
				D8CB6AEE3BB716C86B809498 /* EventStore.swift in Sources */,
				593B1831EF6B710AE575BB33 /* ExportManager.swift in Sources */,
				EA02F129EDB2AE1877EB94F4 /* ExportView.swift in Sources */,
				10880FB2F0351FF08FF4E9C5 /* FridayPipelineProgress.swift in Sources */,
				87E96E1B0CB1551BEEB1D7F3 /* FridayReviewDisplay.swift in Sources */,
				538D7F80CA3AA261C8856000 /* GeneratedOutput.swift in Sources */,
				AD15D5129F5433D699E06489 /* GenerationManager.swift in Sources */,
				0F511905DB8007F0873761E3 /* HandleBook.swift in Sources */,
				52B8467686E7BEB15CF2D6E4 /* HashtagStore.swift in Sources */,
				9999F69184557C54644F4D9B /* InsightsDetailView.swift in Sources */,
				E2F5B3AB4055C2AEED459082 /* InsightsOrgsView.swift in Sources */,
				19DB11C64CD692CE9131577D /* InsightsOverviewView.swift in Sources */,
				969E9EC496F1A23AB7D5B335 /* InsightsPostsView.swift in Sources */,
				A61219C3896E1C209312702B /* InsightsSidebarView.swift in Sources */,
				F84283C1A2E6E8B575960AB5 /* KeychainStore.swift in Sources */,
				243467550BDE31D527AECC18 /* LegacyDataReclaim.swift in Sources */,
				96C960D3A4E030937E9B5DDE /* MainWindowView.swift in Sources */,
				ECF547E11F3729797A2A65D7 /* MediaPresence.swift in Sources */,
				25BC97C46BEE22366E7A6D6E /* MediaReclaim.swift in Sources */,
				784592B291E62A1B0547187C /* NewEventSheet.swift in Sources */,
				F7287FF02FF430AADD4D5853 /* NotificationService.swift in Sources */,
				321111B96E14606FD062F804 /* OCRManager.swift in Sources */,
				F374CE5C96FDA2893D4E3FFF /* OCRProgressView.swift in Sources */,
				4B62ED97467BB7097539610D /* OCRResult.swift in Sources */,
				C8570EF5A19688474D11920B /* OCRReviewView.swift in Sources */,
				10E06AFB53474D2B1B2EA477 /* OrphanedMediaCleanup.swift in Sources */,
				EFF754FDE2898CB112E7EA15 /* PhotoAssignmentView.swift in Sources */,
				204B8C3CE504D46191ECD811 /* PostRollApp.swift in Sources */,
				E9B3111FF501C77F84E9F8D3 /* PostingPresetStore.swift in Sources */,
				18B95D502E4D7DF414D86D71 /* PreviewMergePolicy.swift in Sources */,
				396AFBBE7E4EC1216E705A86 /* ProgramPDFBuilder.swift in Sources */,
				2999ECA1AB10D5C446D03194 /* ProgramUploadView.swift in Sources */,
				905F9249C97D77E98E224190 /* PythonBridge.swift in Sources */,
				8FB71D5F5EB364204769B5A3 /* PythonBridgeError.swift in Sources */,
				1D74A150E4C6C172E66A7FFC /* SettingsView.swift in Sources */,
				7194D8F3C4AEB945BC2FC3C2 /* SpeculativeReelRenderer.swift in Sources */,
				060913C14E2EA2F69E2A8B4A /* SpellCheckingTextEditor.swift in Sources */,
				F14D704DFD89963074FB2680 /* StagePillState.swift in Sources */,
				BB144752575DF3A9048399CF /* TimingStore.swift in Sources */,
			);
			runOnlyForDeploymentPostprocessing = 0;
		};
		9E2BAE3874B44B5E780F0F67 /* Sources */ = {
			isa = PBXSourcesBuildPhase;
			buildActionMask = 2147483647;
			files = (
				17466D295D8F05B54DE1E25D /* PostRollUITests.swift in Sources */,
			);
			runOnlyForDeploymentPostprocessing = 0;
		};
		D395A0BFDEAF3F19AE092519 /* Sources */ = {
			isa = PBXSourcesBuildPhase;
			buildActionMask = 2147483647;
			files = (
				DC0F2C1B8DBF14075C489E47 /* Analytics.swift in Sources */,
				EC9CDF247EB7F02FEF88FD05 /* AnalyticsDatesTests.swift in Sources */,
				C31A967FC802C50964F4BE4F /* AppPaths.swift in Sources */,
				F02BB76068FDD1CCDA9B5A0F /* AppPathsTests.swift in Sources */,
				48A4E837A7EB2B8500EB4C2D /* ArchiveCleanup.swift in Sources */,
				470ABEB07BD213026F531A04 /* ArchiveCleanupTests.swift in Sources */,
				EF60BA2C02200BA84B46A301 /* AssetGenerationDisplay.swift in Sources */,
				6C892FFB357FD70E6FCFF4B4 /* AssetGenerationDisplayTests.swift in Sources */,
				FCD75C4AEA074AB59BAEBBCD /* CollageCandidate.swift in Sources */,
				AC7496880091F52AD09CFC7D /* CollageCandidateCache.swift in Sources */,
				285963C14B26C7135C26C607 /* CollageCandidateCacheTests.swift in Sources */,
				DC690D26F40BC6F3EDB7C5DA /* CollageCellSwapTests.swift in Sources */,
				02FEE6A6792EF9CEB05609FF /* CollageGeometry.swift in Sources */,
				4D7791D4CCDCBEC92CA8458D /* CollageGeometryTests.swift in Sources */,
				1CEAADC9C3ADDBCE0C49CF98 /* CollageRenderer.swift in Sources */,
				2E9A2DAA5B1BB7D036099D9B /* CollageRendererTests.swift in Sources */,
				58CFFF062922CB5CFD0A07AE /* DataMigration.swift in Sources */,
				6D26777A36FA83CB4F44CCCA /* DataMigrationTests.swift in Sources */,
				7CE28048247ABBF65F7BE126 /* DayStateMerger.swift in Sources */,
				4B625D03417CBEF7C7B17BF7 /* DayStateMergerTests.swift in Sources */,
				7A887F4C860FCA10F1F9988A /* DesignTokens.swift in Sources */,
				7FDD5EADF254776472ADEE9A /* Event.swift in Sources */,
				83F2E7C284CED5AB5E9D3853 /* EventExporter.swift in Sources */,
				6EF084A867840BE690E26F19 /* EventExporterTests.swift in Sources */,
				5561782EAA268E6144AEC454 /* EventFridayClipPlanWritebackTests.swift in Sources */,
				A2A42C7E8ADB3D27CA453B67 /* EventJobTracker.swift in Sources */,
				4FF35D50379E6CEE2DE55BB6 /* EventJobTrackerTests.swift in Sources */,
				55E8526D240F703175B03FDB /* EventStore.swift in Sources */,
				6B1AE726F19C587CEE5F3996 /* EventStoreTests.swift in Sources */,
				D3E04F3199E98A9DA07E5368 /* FridayManifestClipsTests.swift in Sources */,
				8D17298696BE09B12734010B /* FridayOverrideManifestTests.swift in Sources */,
				25435A36346BCB8B3B64DA7B /* FridayPipelineProgress.swift in Sources */,
				4755B56130D6517A9C70B681 /* FridayPipelineProgressTests.swift in Sources */,
				5AA2695527FDC9FE9D69F842 /* FridayReviewDisplay.swift in Sources */,
				4FA7D267E5A7AD62F627E54E /* FridayReviewDisplayTests.swift in Sources */,
				6D378574F5F62A6185510EDB /* GeneratedOutput.swift in Sources */,
				F919B310442E2174AFBFA260 /* KeychainStore.swift in Sources */,
				D93F84B45D2781255E1D6BD3 /* KeychainStoreTests.swift in Sources */,
				59C5D0F9DF6800481172E706 /* LegacyDataReclaim.swift in Sources */,
				A533DB7802C511D9476FD663 /* LegacyDataReclaimTests.swift in Sources */,
				AD0C9A21084CA5CFE7FD5DE1 /* MediaPresence.swift in Sources */,
				2F5402723F35301E1A46AB66 /* MediaPresenceTests.swift in Sources */,
				B783EF5D78057292F3696C31 /* MediaReclaim.swift in Sources */,
				C3B89354B750F8DA6889D3A8 /* MediaReclaimTests.swift in Sources */,
				44C042E69BF5091C60C9FEF4 /* ModelDecodeToleranceTests.swift in Sources */,
				EDA477A0B60D1F0D6A0D01FF /* OCRResult.swift in Sources */,
				FDE828606ED1E5FFD596249B /* OrphanedMediaCleanup.swift in Sources */,
				2CC0FA3CDD20BA0C9791AC8F /* OrphanedMediaCleanupTests.swift in Sources */,
				7372D12CD4EFB0EF9F780472 /* PerformerDesignationTests.swift in Sources */,
				9DFBA9DB326309749128F012 /* PhotoTagsCodableTests.swift in Sources */,
				C6C08260F85A9F51AA30D52B /* PostingDayClipTests.swift in Sources */,
				D885853A207B7BB7CD2007FF /* PostingDayRemovePhotosTests.swift in Sources */,
				4FA8AED832F83F053D19215C /* PostingPresetStore.swift in Sources */,
				086373116DF126243D4CCBF6 /* PostingPresetTests.swift in Sources */,
				2859D555A9530152273AEFA8 /* PreviewGenerationClipPlanDecodeTests.swift in Sources */,
				AF94D7AC43C0F75E721D856C /* PreviewMergePolicy.swift in Sources */,
				455F3A49506D72ADA05D8DEB /* PreviewMergePolicyTests.swift in Sources */,
				4748433821759810C8623629 /* ProgramPDFBuilder.swift in Sources */,
				E403975953ED20DFA5306316 /* ProgramPDFBuilderTests.swift in Sources */,
				F574621F63DFACE936FF04D4 /* PythonBridge.swift in Sources */,
				C1F5D9E78FC6F6F58A8D1A13 /* PythonBridgeError.swift in Sources */,
				F112C0F8355AE69288C12920 /* PythonBridgeErrorTests.swift in Sources */,
				20923D46F6E2DA5E4934264F /* StagePillDisplayTests.swift in Sources */,
				F9F309C0B64DDE96B666C55F /* StagePillState.swift in Sources */,
				D892486FD3D595457099ED1F /* StagePillStateTests.swift in Sources */,
				616D66684D8DEC793B55C7F0 /* TestTargetHygieneTests.swift in Sources */,
				41196E2FF2C78497F0F85635 /* TimingStore.swift in Sources */,
			);
			runOnlyForDeploymentPostprocessing = 0;
		};
/* End PBXSourcesBuildPhase section */

/* Begin PBXTargetDependency section */
		876D69A0C7124CF1921D23D2 /* PBXTargetDependency */ = {
			isa = PBXTargetDependency;
			target = B955FBE44C941F654416434C /* PostRoll */;
			targetProxy = C666224406EDD9F47796D65F /* PBXContainerItemProxy */;
		};
/* End PBXTargetDependency section */

/* Begin XCBuildConfiguration section */
		0455CE64F6AF578AE5B53BE2 /* Debug */ = {
			isa = XCBuildConfiguration;
			buildSettings = {
				ASSETCATALOG_COMPILER_APPICON_NAME = AppIcon;
				ASSETCATALOG_COMPILER_GLOBAL_ACCENT_COLOR_NAME = AccentColor;
				CODE_SIGN_ENTITLEMENTS = PostRoll.entitlements;
				CODE_SIGN_IDENTITY = "-";
				CODE_SIGN_STYLE = Automatic;
				COMBINE_HIDPI_IMAGES = YES;
				CURRENT_PROJECT_VERSION = 1;
				ENABLE_HARDENED_RUNTIME = NO;
				GENERATE_INFOPLIST_FILE = YES;
				INFOPLIST_KEY_CFBundleDisplayName = PostRoll;
				INFOPLIST_KEY_NSHumanReadableCopyright = "";
				LD_RUNPATH_SEARCH_PATHS = (
					"$(inherited)",
					"@executable_path/../Frameworks",
				);
				MACOSX_DEPLOYMENT_TARGET = 15.0;
				MARKETING_VERSION = 1.0.0;
				PRODUCT_BUNDLE_IDENTIFIER = com.dwphotony.PostRoll;
				SDKROOT = macosx;
				SWIFT_STRICT_CONCURRENCY = targeted;
				SWIFT_VERSION = 6.0;
			};
			name = Debug;
		};
		3B4FA3E0CF75C9E79CCAEB89 /* Debug */ = {
			isa = XCBuildConfiguration;
			buildSettings = {
				BUNDLE_LOADER = "$(TEST_HOST)";
				CODE_SIGN_IDENTITY = "-";
				COMBINE_HIDPI_IMAGES = YES;
				GENERATE_INFOPLIST_FILE = YES;
				LD_RUNPATH_SEARCH_PATHS = (
					"$(inherited)",
					"@executable_path/Frameworks",
					"@loader_path/Frameworks",
				);
				MACOSX_DEPLOYMENT_TARGET = 15.0;
				PRODUCT_BUNDLE_IDENTIFIER = com.dwphotony.PostRollUITests;
				SDKROOT = macosx;
				SWIFT_VERSION = 6.0;
				TEST_TARGET_NAME = PostRoll;
			};
			name = Debug;
		};
		40796E6FA372F2F39CB19FE9 /* Debug */ = {
			isa = XCBuildConfiguration;
			buildSettings = {
				BUNDLE_LOADER = "$(TEST_HOST)";
				CODE_SIGN_IDENTITY = "-";
				COMBINE_HIDPI_IMAGES = YES;
				GENERATE_INFOPLIST_FILE = YES;
				LD_RUNPATH_SEARCH_PATHS = (
					"$(inherited)",
					"@executable_path/../Frameworks",
					"@loader_path/../Frameworks",
				);
				MACOSX_DEPLOYMENT_TARGET = 15.0;
				PRODUCT_BUNDLE_IDENTIFIER = com.dwphotony.PostRollTests;
				SDKROOT = macosx;
				SWIFT_STRICT_CONCURRENCY = targeted;
				SWIFT_VERSION = 6.0;
			};
			name = Debug;
		};
		71C020543F84468F452B2889 /* Release */ = {
			isa = XCBuildConfiguration;
			buildSettings = {
				BUNDLE_LOADER = "$(TEST_HOST)";
				CODE_SIGN_IDENTITY = "-";
				COMBINE_HIDPI_IMAGES = YES;
				GENERATE_INFOPLIST_FILE = YES;
				LD_RUNPATH_SEARCH_PATHS = (
					"$(inherited)",
					"@executable_path/../Frameworks",
					"@loader_path/../Frameworks",
				);
				MACOSX_DEPLOYMENT_TARGET = 15.0;
				PRODUCT_BUNDLE_IDENTIFIER = com.dwphotony.PostRollTests;
				SDKROOT = macosx;
				SWIFT_STRICT_CONCURRENCY = targeted;
				SWIFT_VERSION = 6.0;
			};
			name = Release;
		};
		9CE35C19E90152CA109D543D /* Release */ = {
			isa = XCBuildConfiguration;
			buildSettings = {
				ALWAYS_SEARCH_USER_PATHS = NO;
				CLANG_ANALYZER_NONNULL = YES;
				CLANG_ANALYZER_NUMBER_OBJECT_CONVERSION = YES_AGGRESSIVE;
				CLANG_CXX_LANGUAGE_STANDARD = "gnu++14";
				CLANG_CXX_LIBRARY = "libc++";
				CLANG_ENABLE_MODULES = YES;
				CLANG_ENABLE_OBJC_ARC = YES;
				CLANG_ENABLE_OBJC_WEAK = YES;
				CLANG_WARN_BLOCK_CAPTURE_AUTORELEASING = YES;
				CLANG_WARN_BOOL_CONVERSION = YES;
				CLANG_WARN_COMMA = YES;
				CLANG_WARN_CONSTANT_CONVERSION = YES;
				CLANG_WARN_DEPRECATED_OBJC_IMPLEMENTATIONS = YES;
				CLANG_WARN_DIRECT_OBJC_ISA_USAGE = YES_ERROR;
				CLANG_WARN_DOCUMENTATION_COMMENTS = YES;
				CLANG_WARN_EMPTY_BODY = YES;
				CLANG_WARN_ENUM_CONVERSION = YES;
				CLANG_WARN_INFINITE_RECURSION = YES;
				CLANG_WARN_INT_CONVERSION = YES;
				CLANG_WARN_NON_LITERAL_NULL_CONVERSION = YES;
				CLANG_WARN_OBJC_IMPLICIT_RETAIN_SELF = YES;
				CLANG_WARN_OBJC_LITERAL_CONVERSION = YES;
				CLANG_WARN_OBJC_ROOT_CLASS = YES_ERROR;
				CLANG_WARN_QUOTED_INCLUDE_IN_FRAMEWORK_HEADER = YES;
				CLANG_WARN_RANGE_LOOP_ANALYSIS = YES;
				CLANG_WARN_STRICT_PROTOTYPES = YES;
				CLANG_WARN_SUSPICIOUS_MOVE = YES;
				CLANG_WARN_UNGUARDED_AVAILABILITY = YES_AGGRESSIVE;
				CLANG_WARN_UNREACHABLE_CODE = YES;
				CLANG_WARN__DUPLICATE_METHOD_MATCH = YES;
				COPY_PHASE_STRIP = NO;
				DEBUG_INFORMATION_FORMAT = "dwarf-with-dsym";
				ENABLE_NS_ASSERTIONS = NO;
				ENABLE_STRICT_OBJC_MSGSEND = YES;
				GCC_C_LANGUAGE_STANDARD = gnu11;
				GCC_NO_COMMON_BLOCKS = YES;
				GCC_WARN_64_TO_32_BIT_CONVERSION = YES;
				GCC_WARN_ABOUT_RETURN_TYPE = YES_ERROR;
				GCC_WARN_UNDECLARED_SELECTOR = YES;
				GCC_WARN_UNINITIALIZED_AUTOS = YES_AGGRESSIVE;
				GCC_WARN_UNUSED_FUNCTION = YES;
				GCC_WARN_UNUSED_VARIABLE = YES;
				MACOSX_DEPLOYMENT_TARGET = 15.0;
				MTL_ENABLE_DEBUG_INFO = NO;
				MTL_FAST_MATH = YES;
				PRODUCT_NAME = "$(TARGET_NAME)";
				SDKROOT = macosx;
				SWIFT_COMPILATION_MODE = wholemodule;
				SWIFT_OPTIMIZATION_LEVEL = "-O";
				SWIFT_VERSION = 5.0;
			};
			name = Release;
		};
		A444EB4E1009A67B16D0DAF1 /* Release */ = {
			isa = XCBuildConfiguration;
			buildSettings = {
				ASSETCATALOG_COMPILER_APPICON_NAME = AppIcon;
				ASSETCATALOG_COMPILER_GLOBAL_ACCENT_COLOR_NAME = AccentColor;
				CODE_SIGN_ENTITLEMENTS = PostRoll.entitlements;
				CODE_SIGN_IDENTITY = "-";
				CODE_SIGN_STYLE = Automatic;
				COMBINE_HIDPI_IMAGES = YES;
				CURRENT_PROJECT_VERSION = 1;
				ENABLE_HARDENED_RUNTIME = NO;
				GENERATE_INFOPLIST_FILE = YES;
				INFOPLIST_KEY_CFBundleDisplayName = PostRoll;
				INFOPLIST_KEY_NSHumanReadableCopyright = "";
				LD_RUNPATH_SEARCH_PATHS = (
					"$(inherited)",
					"@executable_path/../Frameworks",
				);
				MACOSX_DEPLOYMENT_TARGET = 15.0;
				MARKETING_VERSION = 1.0.0;
				PRODUCT_BUNDLE_IDENTIFIER = com.dwphotony.PostRoll;
				SDKROOT = macosx;
				SWIFT_STRICT_CONCURRENCY = targeted;
				SWIFT_VERSION = 6.0;
			};
			name = Release;
		};
		D4EE15BA44A3CA05707F7806 /* Debug */ = {
			isa = XCBuildConfiguration;
			buildSettings = {
				ALWAYS_SEARCH_USER_PATHS = NO;
				CLANG_ANALYZER_NONNULL = YES;
				CLANG_ANALYZER_NUMBER_OBJECT_CONVERSION = YES_AGGRESSIVE;
				CLANG_CXX_LANGUAGE_STANDARD = "gnu++14";
				CLANG_CXX_LIBRARY = "libc++";
				CLANG_ENABLE_MODULES = YES;
				CLANG_ENABLE_OBJC_ARC = YES;
				CLANG_ENABLE_OBJC_WEAK = YES;
				CLANG_WARN_BLOCK_CAPTURE_AUTORELEASING = YES;
				CLANG_WARN_BOOL_CONVERSION = YES;
				CLANG_WARN_COMMA = YES;
				CLANG_WARN_CONSTANT_CONVERSION = YES;
				CLANG_WARN_DEPRECATED_OBJC_IMPLEMENTATIONS = YES;
				CLANG_WARN_DIRECT_OBJC_ISA_USAGE = YES_ERROR;
				CLANG_WARN_DOCUMENTATION_COMMENTS = YES;
				CLANG_WARN_EMPTY_BODY = YES;
				CLANG_WARN_ENUM_CONVERSION = YES;
				CLANG_WARN_INFINITE_RECURSION = YES;
				CLANG_WARN_INT_CONVERSION = YES;
				CLANG_WARN_NON_LITERAL_NULL_CONVERSION = YES;
				CLANG_WARN_OBJC_IMPLICIT_RETAIN_SELF = YES;
				CLANG_WARN_OBJC_LITERAL_CONVERSION = YES;
				CLANG_WARN_OBJC_ROOT_CLASS = YES_ERROR;
				CLANG_WARN_QUOTED_INCLUDE_IN_FRAMEWORK_HEADER = YES;
				CLANG_WARN_RANGE_LOOP_ANALYSIS = YES;
				CLANG_WARN_STRICT_PROTOTYPES = YES;
				CLANG_WARN_SUSPICIOUS_MOVE = YES;
				CLANG_WARN_UNGUARDED_AVAILABILITY = YES_AGGRESSIVE;
				CLANG_WARN_UNREACHABLE_CODE = YES;
				CLANG_WARN__DUPLICATE_METHOD_MATCH = YES;
				COPY_PHASE_STRIP = NO;
				DEBUG_INFORMATION_FORMAT = dwarf;
				ENABLE_STRICT_OBJC_MSGSEND = YES;
				ENABLE_TESTABILITY = YES;
				GCC_C_LANGUAGE_STANDARD = gnu11;
				GCC_DYNAMIC_NO_PIC = NO;
				GCC_NO_COMMON_BLOCKS = YES;
				GCC_OPTIMIZATION_LEVEL = 0;
				GCC_PREPROCESSOR_DEFINITIONS = (
					"$(inherited)",
					"DEBUG=1",
				);
				GCC_WARN_64_TO_32_BIT_CONVERSION = YES;
				GCC_WARN_ABOUT_RETURN_TYPE = YES_ERROR;
				GCC_WARN_UNDECLARED_SELECTOR = YES;
				GCC_WARN_UNINITIALIZED_AUTOS = YES_AGGRESSIVE;
				GCC_WARN_UNUSED_FUNCTION = YES;
				GCC_WARN_UNUSED_VARIABLE = YES;
				MACOSX_DEPLOYMENT_TARGET = 15.0;
				MTL_ENABLE_DEBUG_INFO = INCLUDE_SOURCE;
				MTL_FAST_MATH = YES;
				ONLY_ACTIVE_ARCH = YES;
				PRODUCT_NAME = "$(TARGET_NAME)";
				SDKROOT = macosx;
				SWIFT_ACTIVE_COMPILATION_CONDITIONS = DEBUG;
				SWIFT_OPTIMIZATION_LEVEL = "-Onone";
				SWIFT_VERSION = 5.0;
			};
			name = Debug;
		};
		E34E2FCC48B32A90CBC23C12 /* Release */ = {
			isa = XCBuildConfiguration;
			buildSettings = {
				BUNDLE_LOADER = "$(TEST_HOST)";
				CODE_SIGN_IDENTITY = "-";
				COMBINE_HIDPI_IMAGES = YES;
				GENERATE_INFOPLIST_FILE = YES;
				LD_RUNPATH_SEARCH_PATHS = (
					"$(inherited)",
					"@executable_path/Frameworks",
					"@loader_path/Frameworks",
				);
				MACOSX_DEPLOYMENT_TARGET = 15.0;
				PRODUCT_BUNDLE_IDENTIFIER = com.dwphotony.PostRollUITests;
				SDKROOT = macosx;
				SWIFT_VERSION = 6.0;
				TEST_TARGET_NAME = PostRoll;
			};
			name = Release;
		};
/* End XCBuildConfiguration section */

/* Begin XCConfigurationList section */
		1C551DB5913D6DFA47088C00 /* Build configuration list for PBXNativeTarget "PostRollUITests" */ = {
			isa = XCConfigurationList;
			buildConfigurations = (
				3B4FA3E0CF75C9E79CCAEB89 /* Debug */,
				E34E2FCC48B32A90CBC23C12 /* Release */,
			);
			defaultConfigurationIsVisible = 0;
			defaultConfigurationName = Debug;
		};
		40660DD58F3C6DF3D3C95189 /* Build configuration list for PBXNativeTarget "PostRoll" */ = {
			isa = XCConfigurationList;
			buildConfigurations = (
				0455CE64F6AF578AE5B53BE2 /* Debug */,
				A444EB4E1009A67B16D0DAF1 /* Release */,
			);
			defaultConfigurationIsVisible = 0;
			defaultConfigurationName = Debug;
		};
		534C2067EDF7B29173AF7E9A /* Build configuration list for PBXNativeTarget "PostRollTests" */ = {
			isa = XCConfigurationList;
			buildConfigurations = (
				40796E6FA372F2F39CB19FE9 /* Debug */,
				71C020543F84468F452B2889 /* Release */,
			);
			defaultConfigurationIsVisible = 0;
			defaultConfigurationName = Debug;
		};
		8EE22FE27A2A7711851342CC /* Build configuration list for PBXProject "PostRoll" */ = {
			isa = XCConfigurationList;
			buildConfigurations = (
				D4EE15BA44A3CA05707F7806 /* Debug */,
				9CE35C19E90152CA109D543D /* Release */,
			);
			defaultConfigurationIsVisible = 0;
			defaultConfigurationName = Debug;
		};
/* End XCConfigurationList section */
	};
	rootObject = E92F9D1D1BDC7895CF4F899D /* Project object */;
}
